<?xml version="1.0" encoding="utf-8"?>
<Project ToolsVersion="4.0" xmlns="http://schemas.microsoft.com/developer/msbuild/2003">
  <ItemGroup>
    <Filter Include="Source Files">
      <UniqueIdentifier>{76f4e2bc-97bf-44fd-82e2-600241118f0d}</UniqueIdentifier>
      <Extensions>cpp;c;cxx;rc;def;r;odl;idl;hpj;bat</Extensions>
    </Filter>
    <Filter Include="Header Files">
      <UniqueIdentifier>{f2b1da28-6a0d-4cdc-b7bf-a1ad77c0420a}</UniqueIdentifier>
      <Extensions>h;hpp;hxx;hm;inl</Extensions>
    </Filter>
    <Filter Include="Resource Files">
      <UniqueIdentifier>{287d1435-a09d-4647-a4ec-65d93312812b}</UniqueIdentifier>
      <Extensions>ico;cur;bmp;dlg;rc2;rct;bin;rgs;gif;jpg;jpeg;jpe</Extensions>
    </Filter>
  </ItemGroup>
  <ItemGroup>
    <ClCompile Include="AboutDlg.cpp">
      <Filter>Source Files</Filter>
    </ClCompile>
    <ClCompile Include="Library\Alloc.cpp">
      <Filter>Source Files</Filter>
    </ClCompile>
    <ClCompile Include="Application.cpp">
      <Filter>Source Files</Filter>
    </ClCompile>
    <ClCompile Include="Calculation\AsfInterface.cpp">
      <Filter>Source Files</Filter>
    </ClCompile>
    <ClCompile Include="Calculation\AviInterface.cpp">
      <Filter>Source Files</Filter>
    </ClCompile>
    <ClCompile Include="BitMe.cpp">
      <Filter>Source Files</Filter>
    </ClCompile>
    <ClCompile Include="BitMeDlg.cpp">
      <Filter>Source Files</Filter>
    </ClCompile>
    <ClCompile Include="Calculation\BitrateModel.cpp">
      <Filter>Source Files</Filter>
    </ClCompile>
    <ClCompile Include="Calculation\ContainerInterface.cpp">
      <Filter>Source Files</Filter>
    </ClCompile>
    <ClCompile Include="Calculation\ContainerManager.cpp">
      <Filter>Source Files</Filter>
    </ClCompile>
    <ClCompile Include="Library\File.cpp">
      <Filter>Source Files</Filter>
    </ClCompile>
    <ClCompile Include="Library\FilePointer.cpp">
      <Filter>Source Files</Filter>
    </ClCompile>
    <ClCompile Include="Calculation\FlvInterface.cpp">
      <Filter>Source Files</Filter>
    </ClCompile>
    <ClCompile Include="Library\Font.cpp">
      <Filter>Source Files</Filter>
    </ClCompile>
    <ClCompile Include="Glue.cpp">
      <Filter>Source Files</Filter>
    </ClCompile>
    <ClCompile Include="Library\HtmlWriter.cpp">
      <Filter>Source Files</Filter>
    </ClCompile>
    <ClCompile Include="Interfaces\Information.cpp">
      <Filter>Source Files</Filter>
    </ClCompile>
    <ClCompile Include="Library\Language.cpp">
      <Filter>Source Files</Filter>
    </ClCompile>
    <ClCompile Include="Library\Library.cpp">
      <Filter>Source Files</Filter>
    </ClCompile>
    <ClCompile Include="Calculation\M2tsInterface.cpp">
      <Filter>Source Files</Filter>
    </ClCompile>
    <ClCompile Include="Library\Maths.cpp">
      <Filter>Source Files</Filter>
    </ClCompile>
    <ClCompile Include="Calculation\MatroskaInterface.cpp">
      <Filter>Source Files</Filter>
    </ClCompile>
    <ClCompile Include="Calculation\Mp4Interface.cpp">
      <Filter>Source Files</Filter>
    </ClCompile>
    <ClCompile Include="Calculation\MpgInterface.cpp">
      <Filter>Source Files</Filter>
    </ClCompile>
    <ClCompile Include="Calculation\MtsInterface.cpp">
      <Filter>Source Files</Filter>
    </ClCompile>
    <ClCompile Include="Calculation\MxfInterface.cpp">
      <Filter>Source Files</Filter>
    </ClCompile>
    <ClCompile Include="Calculation\OggInterface.cpp">
      <Filter>Source Files</Filter>
    </ClCompile>
    <ClCompile Include="Library\Registry.cpp">
      <Filter>Source Files</Filter>
    </ClCompile>
    <ClCompile Include="Calculation\Report.cpp">
      <Filter>Source Files</Filter>
    </ClCompile>
    <ClCompile Include="ResCalcDlg.cpp">
      <Filter>Source Files</Filter>
    </ClCompile>
    <ClCompile Include="ResolutionModel.cpp">
      <Filter>Source Files</Filter>
    </ClCompile>
    <ClCompile Include="Library\ResourceString.cpp">
      <Filter>Source Files</Filter>
    </ClCompile>
    <ClCompile Include="Calculation\RmInterface.cpp">
      <Filter>Source Files</Filter>
    </ClCompile>
    <ClCompile Include="Settings.cpp">
      <Filter>Source Files</Filter>
    </ClCompile>
    <ClCompile Include="SettingsDlg.cpp">
      <Filter>Source Files</Filter>
    </ClCompile>
    <ClCompile Include="stdafx.cpp">
      <Filter>Source Files</Filter>
    </ClCompile>
    <ClCompile Include="Library\StringDictionary.cpp">
      <Filter>Source Files</Filter>
    </ClCompile>
    <ClCompile Include="Library\StrW.cpp">
      <Filter>Source Files</Filter>
    </ClCompile>
    <ClCompile Include="Calculation\TestInterface.cpp">
      <Filter>Source Files</Filter>
    </ClCompile>
    <ClCompile Include="TmpLibrary.cpp">
      <Filter>Source Files</Filter>
    </ClCompile>
    <ClCompile Include="Library\Unicode.cpp">
      <Filter>Source Files</Filter>
    </ClCompile>
    <ClCompile Include="Library\VAlloc.cpp">
      <Filter>Source Files</Filter>
    </ClCompile>
    <ClCompile Include="Calculation\VobInterface.cpp">
      <Filter>Source Files</Filter>
    </ClCompile>
    <ClCompile Include="Library\Win32Library.cpp">
      <Filter>Source Files</Filter>
    </ClCompile>
    <ClCompile Include="Library\ConfigFile.cpp">
      <Filter>Source Files</Filter>
    </ClCompile>
    <ClCompile Include="Library\Base64.cpp">
      <Filter>Source Files</Filter>
    </ClCompile>
  </ItemGroup>
  <ItemGroup>
    <ResourceCompile Include="BitMe.rc">
      <Filter>Source Files</Filter>
    </ResourceCompile>
  </ItemGroup>
  <ItemGroup>
    <ClInclude Include="AboutDlg.h">
      <Filter>Header Files</Filter>
    </ClInclude>
    <ClInclude Include="Library\Alloc.h">
      <Filter>Header Files</Filter>
    </ClInclude>
    <ClInclude Include="Application.h">
      <Filter>Header Files</Filter>
    </ClInclude>
    <ClInclude Include="Library\array.h">
      <Filter>Header Files</Filter>
    </ClInclude>
    <ClInclude Include="Calculation\AsfInterface.h">
      <Filter>Header Files</Filter>
    </ClInclude>
    <ClInclude Include="Calculation\AviInterface.h">
      <Filter>Header Files</Filter>
    </ClInclude>
    <ClInclude Include="BitMe.h">
      <Filter>Header Files</Filter>
    </ClInclude>
    <ClInclude Include="BitMeDlg.h">
      <Filter>Header Files</Filter>
    </ClInclude>
    <ClInclude Include="Calculation\BitrateModel.h">
      <Filter>Header Files</Filter>
    </ClInclude>
    <ClInclude Include="Library\Configuration.h">
      <Filter>Header Files</Filter>
    </ClInclude>
    <ClInclude Include="Calculation\ContainerInterface.h">
      <Filter>Header Files</Filter>
    </ClInclude>
    <ClInclude Include="Calculation\ContainerManager.h">
      <Filter>Header Files</Filter>
    </ClInclude>
    <ClInclude Include="Library\File.h">
      <Filter>Header Files</Filter>
    </ClInclude>
    <ClInclude Include="Library\FilePointer.h">
      <Filter>Header Files</Filter>
    </ClInclude>
    <ClInclude Include="Calculation\FlvInterface.h">
      <Filter>Header Files</Filter>
    </ClInclude>
    <ClInclude Include="Library\Font.h">
      <Filter>Header Files</Filter>
    </ClInclude>
    <ClInclude Include="Glue.h">
      <Filter>Header Files</Filter>
    </ClInclude>
    <ClInclude Include="Library\HtmlWriter.h">
      <Filter>Header Files</Filter>
    </ClInclude>
    <ClInclude Include="Interfaces\Information.h">
      <Filter>Header Files</Filter>
    </ClInclude>
    <ClInclude Include="Library\Language.h">
      <Filter>Header Files</Filter>
    </ClInclude>
    <ClInclude Include="Library\LibAll.h">
      <Filter>Header Files</Filter>
    </ClInclude>
    <ClInclude Include="Library\Library.h">
      <Filter>Header Files</Filter>
    </ClInclude>
    <ClInclude Include="Calculation\M2tsInterface.h">
      <Filter>Header Files</Filter>
    </ClInclude>
    <ClInclude Include="Library\Maths.h">
      <Filter>Header Files</Filter>
    </ClInclude>
    <ClInclude Include="Calculation\MatroskaInterface.h">
      <Filter>Header Files</Filter>
    </ClInclude>
    <ClInclude Include="Calculation\Mp4Interface.h">
      <Filter>Header Files</Filter>
    </ClInclude>
    <ClInclude Include="Calculation\MpgInterface.h">
      <Filter>Header Files</Filter>
    </ClInclude>
    <ClInclude Include="Calculation\MtsInterface.h">
      <Filter>Header Files</Filter>
    </ClInclude>
    <ClInclude Include="Calculation\MxfInterface.h">
      <Filter>Header Files</Filter>
    </ClInclude>
    <ClInclude Include="Calculation\OggInterface.h">
      <Filter>Header Files</Filter>
    </ClInclude>
    <ClInclude Include="Library\Registry.h">
      <Filter>Header Files</Filter>
    </ClInclude>
    <ClInclude Include="Calculation\Report.h">
      <Filter>Header Files</Filter>
    </ClInclude>
    <ClInclude Include="ResCalcDlg.h">
      <Filter>Header Files</Filter>
    </ClInclude>
    <ClInclude Include="ResolutionModel.h">
      <Filter>Header Files</Filter>
    </ClInclude>
    <ClInclude Include="Resource.h">
      <Filter>Header Files</Filter>
    </ClInclude>
    <ClInclude Include="Library\ResourceString.h">
      <Filter>Header Files</Filter>
    </ClInclude>
    <ClInclude Include="Calculation\RmInterface.h">
      <Filter>Header Files</Filter>
    </ClInclude>
    <ClInclude Include="Settings.h">
      <Filter>Header Files</Filter>
    </ClInclude>
    <ClInclude Include="SettingsDlg.h">
      <Filter>Header Files</Filter>
    </ClInclude>
    <ClInclude Include="Calculation\stdafx.h">
      <Filter>Header Files</Filter>
    </ClInclude>
    <ClInclude Include="Library\stdafx.h">
      <Filter>Header Files</Filter>
    </ClInclude>
    <ClInclude Include="stdafx.h">
      <Filter>Header Files</Filter>
    </ClInclude>
    <ClInclude Include="Library\String.h">
      <Filter>Header Files</Filter>
    </ClInclude>
    <ClInclude Include="Library\StringDictionary.h">
      <Filter>Header Files</Filter>
    </ClInclude>
    <ClInclude Include="Library\StringList.h">
      <Filter>Header Files</Filter>
    </ClInclude>
    <ClInclude Include="Library\StrW.h">
      <Filter>Header Files</Filter>
    </ClInclude>
    <ClInclude Include="Library\Templates.h">
      <Filter>Header Files</Filter>
    </ClInclude>
    <ClInclude Include="Calculation\TestInterface.h">
      <Filter>Header Files</Filter>
    </ClInclude>
    <ClInclude Include="TmpLibrary.h">
      <Filter>Header Files</Filter>
    </ClInclude>
    <ClInclude Include="Library\Types.h">
      <Filter>Header Files</Filter>
    </ClInclude>
    <ClInclude Include="Library\Unicode.h">
      <Filter>Header Files</Filter>
    </ClInclude>
    <ClInclude Include="Library\VAlloc.h">
      <Filter>Header Files</Filter>
    </ClInclude>
    <ClInclude Include="Calculation\VobInterface.h">
      <Filter>Header Files</Filter>
    </ClInclude>
    <ClInclude Include="Library\Win32Library.h">
      <Filter>Header Files</Filter>
    </ClInclude>
    <ClInclude Include="Library\ConfigFile.h">
      <Filter>Header Files</Filter>
    </ClInclude>
    <ClInclude Include="Library\Base64.h">
      <Filter>Header Files</Filter>
    </ClInclude>
  </ItemGroup>
  <ItemGroup>
    <Image Include="res\BitMe.ico">
      <Filter>Resource Files</Filter>
    </Image>
  </ItemGroup>
  <ItemGroup>
    <CustomBuild Include="res\BitMe.rc2">
      <Filter>Resource Files</Filter>
    </CustomBuild>
  </ItemGroup>
</Project>